
Microsoft Visual Studio Solution File, Format Version 12.00
# Visual Studio 15
VisualStudioVersion = 15.0.26124.0
MinimumVisualStudioVersion = 15.0.26124.0
Project("{FAE04EC0-301F-11D3-BF4B-00C04F79EFBC}") = "WebApi", "WebApi\WebApi.csproj", "{5AAC4C37-24FF-41F3-A09E-E32121F4CDCD}"
EndProject
Project("{FAE04EC0-301F-11D3-BF4B-00C04F79EFBC}") = "Domain", "Domain\Domain.csproj", "{AACE735A-CBD6-4BCA-948A-214F3D43D8A7}"
EndProject
Project("{FAE04EC0-301F-11D3-BF4B-00C04F79EFBC}") = "Infrastructure", "Infrastructure\Infrastructure.csproj", "{C5F7CA5B-611F-4A90-9085-7062E168383A}"
EndProject
Global
	GlobalSection(SolutionConfigurationPlatforms) = preSolution
		Debug|Any CPU = Debug|Any CPU
		Debug|x64 = Debug|x64
		Debug|x86 = Debug|x86
		Release|Any CPU = Release|Any CPU
		Release|x64 = Release|x64
		Release|x86 = Release|x86
	EndGlobalSection
	GlobalSection(SolutionProperties) = preSolution
		HideSolutionNode = FALSE
	EndGlobalSection
	GlobalSection(ProjectConfigurationPlatforms) = postSolution
		{5AAC4C37-24FF-41F3-A09E-E32121F4CDCD}.Debug|Any CPU.ActiveCfg = Debug|Any CPU
		{5AAC4C37-24FF-41F3-A09E-E32121F4CDCD}.Debug|Any CPU.Build.0 = Debug|Any CPU
		{5AAC4C37-24FF-41F3-A09E-E32121F4CDCD}.Debug|x64.ActiveCfg = Debug|Any CPU
		{5AAC4C37-24FF-41F3-A09E-E32121F4CDCD}.Debug|x64.Build.0 = Debug|Any CPU
		{5AAC4C37-24FF-41F3-A09E-E32121F4CDCD}.Debug|x86.ActiveCfg = Debug|Any CPU
		{5AAC4C37-24FF-41F3-A09E-E32121F4CDCD}.Debug|x86.Build.0 = Debug|Any CPU
		{5AAC4C37-24FF-41F3-A09E-E32121F4CDCD}.Release|Any CPU.ActiveCfg = Release|Any CPU
		{5AAC4C37-24FF-41F3-A09E-E32121F4CDCD}.Release|Any CPU.Build.0 = Release|Any CPU
		{5AAC4C37-24FF-41F3-A09E-E32121F4CDCD}.Release|x64.ActiveCfg = Release|Any CPU
		{5AAC4C37-24FF-41F3-A09E-E32121F4CDCD}.Release|x64.Build.0 = Release|Any CPU
		{5AAC4C37-24FF-41F3-A09E-E32121F4CDCD}.Release|x86.ActiveCfg = Release|Any CPU
		{5AAC4C37-24FF-41F3-A09E-E32121F4CDCD}.Release|x86.Build.0 = Release|Any CPU
		{AACE735A-CBD6-4BCA-948A-214F3D43D8A7}.Debug|Any CPU.ActiveCfg = Debug|Any CPU
		{AACE735A-CBD6-4BCA-948A-214F3D43D8A7}.Debug|Any CPU.Build.0 = Debug|Any CPU
		{AACE735A-CBD6-4BCA-948A-214F3D43D8A7}.Debug|x64.ActiveCfg = Debug|Any CPU
		{AACE735A-CBD6-4BCA-948A-214F3D43D8A7}.Debug|x64.Build.0 = Debug|Any CPU
		{AACE735A-CBD6-4BCA-948A-214F3D43D8A7}.Debug|x86.ActiveCfg = Debug|Any CPU
		{AACE735A-CBD6-4BCA-948A-214F3D43D8A7}.Debug|x86.Build.0 = Debug|Any CPU
		{AACE735A-CBD6-4BCA-948A-214F3D43D8A7}.Release|Any CPU.ActiveCfg = Release|Any CPU
		{AACE735A-CBD6-4BCA-948A-214F3D43D8A7}.Release|Any CPU.Build.0 = Release|Any CPU
		{AACE735A-CBD6-4BCA-948A-214F3D43D8A7}.Release|x64.ActiveCfg = Release|Any CPU
		{AACE735A-CBD6-4BCA-948A-214F3D43D8A7}.Release|x64.Build.0 = Release|Any CPU
		{AACE735A-CBD6-4BCA-948A-214F3D43D8A7}.Release|x86.ActiveCfg = Release|Any CPU
		{AACE735A-CBD6-4BCA-948A-214F3D43D8A7}.Release|x86.Build.0 = Release|Any CPU
		{C5F7CA5B-611F-4A90-9085-7062E168383A}.Debug|Any CPU.ActiveCfg = Debug|Any CPU
		{C5F7CA5B-611F-4A90-9085-7062E168383A}.Debug|Any CPU.Build.0 = Debug|Any CPU
		{C5F7CA5B-611F-4A90-9085-7062E168383A}.Debug|x64.ActiveCfg = Debug|Any CPU
		{C5F7CA5B-611F-4A90-9085-7062E168383A}.Debug|x64.Build.0 = Debug|Any CPU
		{C5F7CA5B-611F-4A90-9085-7062E168383A}.Debug|x86.ActiveCfg = Debug|Any CPU
		{C5F7CA5B-611F-4A90-9085-7062E168383A}.Debug|x86.Build.0 = Debug|Any CPU
		{C5F7CA5B-611F-4A90-9085-7062E168383A}.Release|Any CPU.ActiveCfg = Release|Any CPU
		{C5F7CA5B-611F-4A90-9085-7062E168383A}.Release|Any CPU.Build.0 = Release|Any CPU
		{C5F7CA5B-611F-4A90-9085-7062E168383A}.Release|x64.ActiveCfg = Release|Any CPU
		{C5F7CA5B-611F-4A90-9085-7062E168383A}.Release|x64.Build.0 = Release|Any CPU
		{C5F7CA5B-611F-4A90-9085-7062E168383A}.Release|x86.ActiveCfg = Release|Any CPU
		{C5F7CA5B-611F-4A90-9085-7062E168383A}.Release|x86.Build.0 = Release|Any CPU
	EndGlobalSection
EndGlobal
